
Microsoft Visual Studio Solution File, Format Version 12.00
# Visual Studio 14
VisualStudioVersion = 14.0.25420.1
MinimumVisualStudioVersion = 10.0.40219.1
Project("{FAE04EC0-301F-11D3-BF4B-00C04F79EFBC}") = "google_forms_to_spss_statistics", "google_forms_to_spss_statistics\google_forms_to_spss_statistics.csproj", "{0A062D62-F18F-45DF-BE17-D8597D0669B3}"
EndProject
Global
	GlobalSection(SolutionConfigurationPlatforms) = preSolution
		Debug|Any CPU = Debug|Any CPU
		Release|Any CPU = Release|Any CPU
	EndGlobalSection
	GlobalSection(ProjectConfigurationPlatforms) = postSolution
		{0A062D62-F18F-45DF-BE17-D8597D0669B3}.Debug|Any CPU.ActiveCfg = Debug|Any CPU
		{0A062D62-F18F-45DF-BE17-D8597D0669B3}.Debug|Any CPU.Build.0 = Debug|Any CPU
		{0A062D62-F18F-45DF-BE17-D8597D0669B3}.Release|Any CPU.ActiveCfg = Release|Any CPU
		{0A062D62-F18F-45DF-BE17-D8597D0669B3}.Release|Any CPU.Build.0 = Release|Any CPU
	EndGlobalSection
	GlobalSection(SolutionProperties) = preSolution
		HideSolutionNode = FALSE
	EndGlobalSection
EndGlobal
